
Microsoft Visual Studio Solution File, Format Version 12.00
# Visual Studio Version 17
VisualStudioVersion = 17.5.2.0
MinimumVisualStudioVersion = 10.0.40219.1
Project("{FAE04EC0-301F-11D3-BF4B-00C04F79EFBC}") = "Cache-Chan", "Cache-Chan.csproj", "{C15FB479-E348-8C97-0296-D25C361EC125}"
EndProject
Project("{2150E333-8FDC-42A3-9474-1A3956D46DE8}") = "server", "server", "{DAD03CFC-D5FA-AC94-41C7-9ABAB326F09E}"
EndProject
Project("{FAE04EC0-301F-11D3-BF4B-00C04F79EFBC}") = "CacheChan.Server", "..\server\CacheChan.Server.csproj", "{A848140B-7F3C-4C77-9EEC-D17E4EA50221}"
EndProject
Global
	GlobalSection(SolutionConfigurationPlatforms) = preSolution
		Debug|Any CPU = Debug|Any CPU
		Debug|x64 = Debug|x64
		Debug|x86 = Debug|x86
		Release|Any CPU = Release|Any CPU
		Release|x64 = Release|x64
		Release|x86 = Release|x86
	EndGlobalSection
	GlobalSection(ProjectConfigurationPlatforms) = postSolution
		{C15FB479-E348-8C97-0296-D25C361EC125}.Debug|Any CPU.ActiveCfg = Debug|Any CPU
		{C15FB479-E348-8C97-0296-D25C361EC125}.Debug|Any CPU.Build.0 = Debug|Any CPU
		{C15FB479-E348-8C97-0296-D25C361EC125}.Debug|x64.ActiveCfg = Debug|Any CPU
		{C15FB479-E348-8C97-0296-D25C361EC125}.Debug|x64.Build.0 = Debug|Any CPU
		{C15FB479-E348-8C97-0296-D25C361EC125}.Debug|x86.ActiveCfg = Debug|Any CPU
		{C15FB479-E348-8C97-0296-D25C361EC125}.Debug|x86.Build.0 = Debug|Any CPU
		{C15FB479-E348-8C97-0296-D25C361EC125}.Release|Any CPU.ActiveCfg = Release|Any CPU
		{C15FB479-E348-8C97-0296-D25C361EC125}.Release|Any CPU.Build.0 = Release|Any CPU
		{C15FB479-E348-8C97-0296-D25C361EC125}.Release|x64.ActiveCfg = Release|Any CPU
		{C15FB479-E348-8C97-0296-D25C361EC125}.Release|x64.Build.0 = Release|Any CPU
		{C15FB479-E348-8C97-0296-D25C361EC125}.Release|x86.ActiveCfg = Release|Any CPU
		{C15FB479-E348-8C97-0296-D25C361EC125}.Release|x86.Build.0 = Release|Any CPU
		{A848140B-7F3C-4C77-9EEC-D17E4EA50221}.Debug|Any CPU.ActiveCfg = Debug|Any CPU
		{A848140B-7F3C-4C77-9EEC-D17E4EA50221}.Debug|Any CPU.Build.0 = Debug|Any CPU
		{A848140B-7F3C-4C77-9EEC-D17E4EA50221}.Debug|x64.ActiveCfg = Debug|Any CPU
		{A848140B-7F3C-4C77-9EEC-D17E4EA50221}.Debug|x64.Build.0 = Debug|Any CPU
		{A848140B-7F3C-4C77-9EEC-D17E4EA50221}.Debug|x86.ActiveCfg = Debug|Any CPU
		{A848140B-7F3C-4C77-9EEC-D17E4EA50221}.Debug|x86.Build.0 = Debug|Any CPU
		{A848140B-7F3C-4C77-9EEC-D17E4EA50221}.Release|Any CPU.ActiveCfg = Release|Any CPU
		{A848140B-7F3C-4C77-9EEC-D17E4EA50221}.Release|Any CPU.Build.0 = Release|Any CPU
		{A848140B-7F3C-4C77-9EEC-D17E4EA50221}.Release|x64.ActiveCfg = Release|Any CPU
		{A848140B-7F3C-4C77-9EEC-D17E4EA50221}.Release|x64.Build.0 = Release|Any CPU
		{A848140B-7F3C-4C77-9EEC-D17E4EA50221}.Release|x86.ActiveCfg = Release|Any CPU
		{A848140B-7F3C-4C77-9EEC-D17E4EA50221}.Release|x86.Build.0 = Release|Any CPU
	EndGlobalSection
	GlobalSection(SolutionProperties) = preSolution
		HideSolutionNode = FALSE
	EndGlobalSection
	GlobalSection(NestedProjects) = preSolution
		{A848140B-7F3C-4C77-9EEC-D17E4EA50221} = {DAD03CFC-D5FA-AC94-41C7-9ABAB326F09E}
	EndGlobalSection
	GlobalSection(ExtensibilityGlobals) = postSolution
		SolutionGuid = {3ED7994B-CC79-4C76-83CA-38C9E415BDE3}
	EndGlobalSection
EndGlobal
